
Microsoft Visual Studio Solution File, Format Version 12.00
# Visual Studio Version 17
VisualStudioVersion = 17.2.32526.322
MinimumVisualStudioVersion = 10.0.40219.1
Project("{FAE04EC0-301F-11D3-BF4B-00C04F79EFBC}") = "GamingApp", "GamingApp\GamingApp.csproj", "{685A2536-EF1A-4A46-AE29-FA160D546B62}"
EndProject
Project("{FAE04EC0-301F-11D3-BF4B-00C04F79EFBC}") = "GamingTests", "GamingTests\GamingTests.csproj", "{D748C290-7DF9-4302-A2A4-0C7D33CD1844}"
EndProject
Global
	GlobalSection(SolutionConfigurationPlatforms) = preSolution
		Debug|Any CPU = Debug|Any CPU
		Release|Any CPU = Release|Any CPU
	EndGlobalSection
	GlobalSection(ProjectConfigurationPlatforms) = postSolution
		{685A2536-EF1A-4A46-AE29-FA160D546B62}.Debug|Any CPU.ActiveCfg = Debug|Any CPU
		{685A2536-EF1A-4A46-AE29-FA160D546B62}.Debug|Any CPU.Build.0 = Debug|Any CPU
		{685A2536-EF1A-4A46-AE29-FA160D546B62}.Release|Any CPU.ActiveCfg = Release|Any CPU
		{685A2536-EF1A-4A46-AE29-FA160D546B62}.Release|Any CPU.Build.0 = Release|Any CPU
		{D748C290-7DF9-4302-A2A4-0C7D33CD1844}.Debug|Any CPU.ActiveCfg = Debug|Any CPU
		{D748C290-7DF9-4302-A2A4-0C7D33CD1844}.Debug|Any CPU.Build.0 = Debug|Any CPU
		{D748C290-7DF9-4302-A2A4-0C7D33CD1844}.Release|Any CPU.ActiveCfg = Release|Any CPU
		{D748C290-7DF9-4302-A2A4-0C7D33CD1844}.Release|Any CPU.Build.0 = Release|Any CPU
	EndGlobalSection
	GlobalSection(SolutionProperties) = preSolution
		HideSolutionNode = FALSE
	EndGlobalSection
	GlobalSection(ExtensibilityGlobals) = postSolution
		SolutionGuid = {B8873ED5-1664-488D-8622-7AEC56EA0BA6}
	EndGlobalSection
EndGlobal
