
Microsoft Visual Studio Solution File, Format Version 12.00
# Visual Studio Version 17
VisualStudioVersion = 17.2.32526.322
MinimumVisualStudioVersion = 10.0.40219.1
Project("{FAE04EC0-301F-11D3-BF4B-00C04F79EFBC}") = "MergeSortApp", "MergeSortApp\MergeSortApp.csproj", "{A2A909F4-3B90-4B0E-92AA-884236FBB816}"
EndProject
Project("{FAE04EC0-301F-11D3-BF4B-00C04F79EFBC}") = "MergeSortTest", "MergeSortTest\MergeSortTest.csproj", "{6C42A57F-120E-4B0B-9BE5-660DCE81E663}"
EndProject
Global
	GlobalSection(SolutionConfigurationPlatforms) = preSolution
		Debug|Any CPU = Debug|Any CPU
		Release|Any CPU = Release|Any CPU
	EndGlobalSection
	GlobalSection(ProjectConfigurationPlatforms) = postSolution
		{A2A909F4-3B90-4B0E-92AA-884236FBB816}.Debug|Any CPU.ActiveCfg = Debug|Any CPU
		{A2A909F4-3B90-4B0E-92AA-884236FBB816}.Debug|Any CPU.Build.0 = Debug|Any CPU
		{A2A909F4-3B90-4B0E-92AA-884236FBB816}.Release|Any CPU.ActiveCfg = Release|Any CPU
		{A2A909F4-3B90-4B0E-92AA-884236FBB816}.Release|Any CPU.Build.0 = Release|Any CPU
		{6C42A57F-120E-4B0B-9BE5-660DCE81E663}.Debug|Any CPU.ActiveCfg = Debug|Any CPU
		{6C42A57F-120E-4B0B-9BE5-660DCE81E663}.Debug|Any CPU.Build.0 = Debug|Any CPU
		{6C42A57F-120E-4B0B-9BE5-660DCE81E663}.Release|Any CPU.ActiveCfg = Release|Any CPU
		{6C42A57F-120E-4B0B-9BE5-660DCE81E663}.Release|Any CPU.Build.0 = Release|Any CPU
	EndGlobalSection
	GlobalSection(SolutionProperties) = preSolution
		HideSolutionNode = FALSE
	EndGlobalSection
	GlobalSection(ExtensibilityGlobals) = postSolution
		SolutionGuid = {E6718A49-45C4-4F23-A046-73B2F32D7BC1}
	EndGlobalSection
EndGlobal
