
Microsoft Visual Studio Solution File, Format Version 12.00
# Visual Studio Version 17
VisualStudioVersion = 17.2.32630.192
MinimumVisualStudioVersion = 10.0.40219.1
Project("{FAE04EC0-301F-11D3-BF4B-00C04F79EFBC}") = "SerialisationApp", "App1\SerialisationApp.csproj", "{AE055582-80C1-40D2-B0E9-FE9232BDDA5A}"
EndProject
Global
	GlobalSection(SolutionConfigurationPlatforms) = preSolution
		Debug|Any CPU = Debug|Any CPU
		Release|Any CPU = Release|Any CPU
	EndGlobalSection
	GlobalSection(ProjectConfigurationPlatforms) = postSolution
		{AE055582-80C1-40D2-B0E9-FE9232BDDA5A}.Debug|Any CPU.ActiveCfg = Debug|Any CPU
		{AE055582-80C1-40D2-B0E9-FE9232BDDA5A}.Debug|Any CPU.Build.0 = Debug|Any CPU
		{AE055582-80C1-40D2-B0E9-FE9232BDDA5A}.Release|Any CPU.ActiveCfg = Release|Any CPU
		{AE055582-80C1-40D2-B0E9-FE9232BDDA5A}.Release|Any CPU.Build.0 = Release|Any CPU
	EndGlobalSection
	GlobalSection(SolutionProperties) = preSolution
		HideSolutionNode = FALSE
	EndGlobalSection
	GlobalSection(ExtensibilityGlobals) = postSolution
		SolutionGuid = {CEF05A8C-CEC4-456B-AC32-D48EE5EC5851}
	EndGlobalSection
EndGlobal
