
Microsoft Visual Studio Solution File, Format Version 12.00
# Visual Studio Version 17
VisualStudioVersion = 17.2.32526.322
MinimumVisualStudioVersion = 10.0.40219.1
Project("{FAE04EC0-301F-11D3-BF4B-00C04F79EFBC}") = "StringCalculatorApp", "StringCalculatorApp\StringCalculatorApp.csproj", "{C6F7DAE4-F352-4F80-ABF5-028275D2DB74}"
EndProject
Project("{FAE04EC0-301F-11D3-BF4B-00C04F79EFBC}") = "StringCalculatorTest", "StringCalculatorTest\StringCalculatorTest.csproj", "{9F070123-621D-402B-9DF0-D7A31E13572F}"
EndProject
Global
	GlobalSection(SolutionConfigurationPlatforms) = preSolution
		Debug|Any CPU = Debug|Any CPU
		Release|Any CPU = Release|Any CPU
	EndGlobalSection
	GlobalSection(ProjectConfigurationPlatforms) = postSolution
		{C6F7DAE4-F352-4F80-ABF5-028275D2DB74}.Debug|Any CPU.ActiveCfg = Debug|Any CPU
		{C6F7DAE4-F352-4F80-ABF5-028275D2DB74}.Debug|Any CPU.Build.0 = Debug|Any CPU
		{C6F7DAE4-F352-4F80-ABF5-028275D2DB74}.Release|Any CPU.ActiveCfg = Release|Any CPU
		{C6F7DAE4-F352-4F80-ABF5-028275D2DB74}.Release|Any CPU.Build.0 = Release|Any CPU
		{9F070123-621D-402B-9DF0-D7A31E13572F}.Debug|Any CPU.ActiveCfg = Debug|Any CPU
		{9F070123-621D-402B-9DF0-D7A31E13572F}.Debug|Any CPU.Build.0 = Debug|Any CPU
		{9F070123-621D-402B-9DF0-D7A31E13572F}.Release|Any CPU.ActiveCfg = Release|Any CPU
		{9F070123-621D-402B-9DF0-D7A31E13572F}.Release|Any CPU.Build.0 = Release|Any CPU
	EndGlobalSection
	GlobalSection(SolutionProperties) = preSolution
		HideSolutionNode = FALSE
	EndGlobalSection
	GlobalSection(ExtensibilityGlobals) = postSolution
		SolutionGuid = {A3C5128E-16EA-45F3-8B11-6436BA04BDC9}
	EndGlobalSection
EndGlobal
